PODS:
  - CleanyModal (1.0.3)
  - IQKeyboardManagerSwift (6.5.6)
  - lottie-ios (3.1.9)
  - NVActivityIndicatorView/AppExtension (4.8.0)
  - R.swift (5.3.0):
    - R.swift.Library (~> 5.3.0)
  - R.swift.Library (5.3.0)

DEPENDENCIES:
  - CleanyModal
  - IQKeyboardManagerSwift
  - lottie-ios
  - NVActivityIndicatorView/AppExtension
  - R.swift

SPEC REPOS:
  trunk:
    - CleanyModal
    - IQKeyboardManagerSwift
    - lottie-ios
    - NVActivityIndicatorView
    - R.swift
    - R.swift.Library

SPEC CHECKSUMS:
  CleanyModal: 5e5fece5b1de97b47ea091f6390ec2b16bfa2f20
  IQKeyboardManagerSwift: c7df9d2deb356c04522f5c4b7b6e4ce4d8ed94fe
  lottie-ios: 3a3758ef5a008e762faec9c9d50a39842f26d124
  NVActivityIndicatorView: d24b7ebcf80af5dcd994adb650e2b6c93379270f
  R.swift: 4170fb7161c67be3bc1a847040b79367d69c419f
  R.swift.Library: 0fc583cb55a99e28901299cc451614cad1161962

PODFILE CHECKSUM: 3147aae5d3c18540574bf616c7e0af6d0f678186

COCOAPODS: 1.9.3
