// !$*UTF8*$!
{
	archiveVersion = 1;
	classes = {
	};
	objectVersion = 51;
	objects = {

/* Begin PBXBuildFile section */
		041CDAD1269273E7004E1BCD /* AppDelegate.swift in Sources */ = {isa = PBXBuildFile; fileRef = 041CDAD0269273E7004E1BCD /* AppDelegate.swift */; };
		041CDADA269273EB004E1BCD /* Assets.xcassets in Resources */ = {isa = PBXBuildFile; fileRef = 041CDAD9269273EB004E1BCD /* Assets.xcassets */; };
		041CDADD269273EB004E1BCD /* LaunchScreen.storyboard in Resources */ = {isa = PBXBuildFile; fileRef = 041CDADB269273EB004E1BCD /* LaunchScreen.storyboard */; };
		041CDAE8269273EC004E1BCD /* GitHubRepoTaskTests.swift in Sources */ = {isa = PBXBuildFile; fileRef = 041CDAE7269273EC004E1BCD /* GitHubRepoTaskTests.swift */; };
		041CDAF3269273ED004E1BCD /* GitHubRepoTaskUITests.swift in Sources */ = {isa = PBXBuildFile; fileRef = 041CDAF2269273ED004E1BCD /* GitHubRepoTaskUITests.swift */; };
		041CDB0126928A9F004E1BCD /* README.md in Resources */ = {isa = PBXBuildFile; fileRef = 041CDB0026928A9F004E1BCD /* README.md */; };
		041CDB4D26928D26004E1BCD /* ExtensionUITableViewCell.swift in Sources */ = {isa = PBXBuildFile; fileRef = 041CDB1626928D26004E1BCD /* ExtensionUITableViewCell.swift */; };
		041CDB4E26928D26004E1BCD /* CellProtocol.swift in Sources */ = {isa = PBXBuildFile; fileRef = 041CDB1726928D26004E1BCD /* CellProtocol.swift */; };
		041CDB4F26928D26004E1BCD /* ExtensionUICollectionViewCell.swift in Sources */ = {isa = PBXBuildFile; fileRef = 041CDB1826928D26004E1BCD /* ExtensionUICollectionViewCell.swift */; };
		041CDB5026928D26004E1BCD /* User.swift in Sources */ = {isa = PBXBuildFile; fileRef = 041CDB1B26928D26004E1BCD /* User.swift */; };
		041CDB5126928D26004E1BCD /* BaseModel.swift in Sources */ = {isa = PBXBuildFile; fileRef = 041CDB1C26928D26004E1BCD /* BaseModel.swift */; };
		041CDB5226928D26004E1BCD /* Errors.swift in Sources */ = {isa = PBXBuildFile; fileRef = 041CDB1D26928D26004E1BCD /* Errors.swift */; };
		041CDB5326928D26004E1BCD /* TokenModel.swift in Sources */ = {isa = PBXBuildFile; fileRef = 041CDB1E26928D26004E1BCD /* TokenModel.swift */; };
		041CDB5426928D26004E1BCD /* PresenterProtocol.swift in Sources */ = {isa = PBXBuildFile; fileRef = 041CDB2126928D26004E1BCD /* PresenterProtocol.swift */; };
		041CDB5526928D26004E1BCD /* BasePresenter.swift in Sources */ = {isa = PBXBuildFile; fileRef = 041CDB2226928D26004E1BCD /* BasePresenter.swift */; };
		041CDB5626928D26004E1BCD /* BaseController.swift in Sources */ = {isa = PBXBuildFile; fileRef = 041CDB2526928D26004E1BCD /* BaseController.swift */; };
		041CDB5726928D26004E1BCD /* PresentingViewProtocol.swift in Sources */ = {isa = PBXBuildFile; fileRef = 041CDB2626928D26004E1BCD /* PresentingViewProtocol.swift */; };
		041CDB5826928D26004E1BCD /* BaseViewControllerProtocol.swift in Sources */ = {isa = PBXBuildFile; fileRef = 041CDB2726928D26004E1BCD /* BaseViewControllerProtocol.swift */; };
		041CDB5926928D26004E1BCD /* POPUPViewController.swift in Sources */ = {isa = PBXBuildFile; fileRef = 041CDB2826928D26004E1BCD /* POPUPViewController.swift */; };
		041CDB5A26928D26004E1BCD /* Router.swift in Sources */ = {isa = PBXBuildFile; fileRef = 041CDB2A26928D26004E1BCD /* Router.swift */; };
		041CDB5B26928D26004E1BCD /* RouterProtocol.swift in Sources */ = {isa = PBXBuildFile; fileRef = 041CDB2B26928D26004E1BCD /* RouterProtocol.swift */; };
		041CDB7B26929220004E1BCD /* GitHubRepoListStoryboard.storyboard in Resources */ = {isa = PBXBuildFile; fileRef = 041CDB7426929220004E1BCD /* GitHubRepoListStoryboard.storyboard */; };
		041CDB7C26929220004E1BCD /* GitHubRepoListContract.swift in Sources */ = {isa = PBXBuildFile; fileRef = 041CDB7526929220004E1BCD /* GitHubRepoListContract.swift */; };
		041CDB7D26929220004E1BCD /* GitHubRepoListPresenter.swift in Sources */ = {isa = PBXBuildFile; fileRef = 041CDB7626929220004E1BCD /* GitHubRepoListPresenter.swift */; };
		041CDB7E26929220004E1BCD /* GitHubRepoListRouter.swift in Sources */ = {isa = PBXBuildFile; fileRef = 041CDB7726929220004E1BCD /* GitHubRepoListRouter.swift */; };
		041CDB7F26929220004E1BCD /* GitHubRepoListModel.swift in Sources */ = {isa = PBXBuildFile; fileRef = 041CDB7826929220004E1BCD /* GitHubRepoListModel.swift */; };
		041CDB8026929220004E1BCD /* GitHubRepoListVC.swift in Sources */ = {isa = PBXBuildFile; fileRef = 041CDB7926929220004E1BCD /* GitHubRepoListVC.swift */; };
		041CDB84269293E7004E1BCD /* APIClient.swift in Sources */ = {isa = PBXBuildFile; fileRef = 041CDB83269293E7004E1BCD /* APIClient.swift */; };
		041CDB8E26930475004E1BCD /* GitHubRepoDetailsStoryboard.storyboard in Resources */ = {isa = PBXBuildFile; fileRef = 041CDB8726930475004E1BCD /* GitHubRepoDetailsStoryboard.storyboard */; };
		041CDB8F26930475004E1BCD /* GitHubRepoDetailsContract.swift in Sources */ = {isa = PBXBuildFile; fileRef = 041CDB8826930475004E1BCD /* GitHubRepoDetailsContract.swift */; };
		041CDB9026930475004E1BCD /* GitHubRepoDetailsPresenter.swift in Sources */ = {isa = PBXBuildFile; fileRef = 041CDB8926930475004E1BCD /* GitHubRepoDetailsPresenter.swift */; };
		041CDB9126930475004E1BCD /* GitHubRepoDetailsRouter.swift in Sources */ = {isa = PBXBuildFile; fileRef = 041CDB8A26930475004E1BCD /* GitHubRepoDetailsRouter.swift */; };
		041CDB9226930475004E1BCD /* GitHubRepoDetailsModel.swift in Sources */ = {isa = PBXBuildFile; fileRef = 041CDB8B26930475004E1BCD /* GitHubRepoDetailsModel.swift */; };
		041CDB9326930475004E1BCD /* GitHubRepoDetailsVC.swift in Sources */ = {isa = PBXBuildFile; fileRef = 041CDB8C26930475004E1BCD /* GitHubRepoDetailsVC.swift */; };
		041CDB9826930DD3004E1BCD /* GitHubTableCell.swift in Sources */ = {isa = PBXBuildFile; fileRef = 041CDB9626930DD3004E1BCD /* GitHubTableCell.swift */; };
		041CDB9926930DD3004E1BCD /* GitHubTableCell.xib in Resources */ = {isa = PBXBuildFile; fileRef = 041CDB9726930DD3004E1BCD /* GitHubTableCell.xib */; };
		041CDB9E26931189004E1BCD /* R.generated.swift in Sources */ = {isa = PBXBuildFile; fileRef = 041CDB9D26931189004E1BCD /* R.generated.swift */; };
		041CDBA12693396E004E1BCD /* UIViewExtension.swift in Sources */ = {isa = PBXBuildFile; fileRef = 041CDBA02693396E004E1BCD /* UIViewExtension.swift */; };
		041CDBA326933A08004E1BCD /* UIViewControllerExtension.swift in Sources */ = {isa = PBXBuildFile; fileRef = 041CDBA226933A08004E1BCD /* UIViewControllerExtension.swift */; };
		041CDBA626933BE6004E1BCD /* MyAlertViewController.swift in Sources */ = {isa = PBXBuildFile; fileRef = 041CDBA526933BE6004E1BCD /* MyAlertViewController.swift */; };
		C7B69CD2E83119CA7C6C1115 /* Pods_GitHubRepoTask.framework in Frameworks */ = {isa = PBXBuildFile; fileRef = 7A0BFD19758B7FFF8BF29729 /* Pods_GitHubRepoTask.framework */; };
/* End PBXBuildFile section */

/* Begin PBXContainerItemProxy section */
		041CDAE4269273EC004E1BCD /* PBXContainerItemProxy */ = {
			isa = PBXContainerItemProxy;
			containerPortal = 041CDAC5269273E7004E1BCD /* Project object */;
			proxyType = 1;
			remoteGlobalIDString = 041CDACC269273E7004E1BCD;
			remoteInfo = GitHubRepoTask;
		};
		041CDAEF269273ED004E1BCD /* PBXContainerItemProxy */ = {
			isa = PBXContainerItemProxy;
			containerPortal = 041CDAC5269273E7004E1BCD /* Project object */;
			proxyType = 1;
			remoteGlobalIDString = 041CDACC269273E7004E1BCD;
			remoteInfo = GitHubRepoTask;
		};
/* End PBXContainerItemProxy section */

/* Begin PBXFileReference section */
		041CDACD269273E7004E1BCD /* GitHubRepoTask.app */ = {isa = PBXFileReference; explicitFileType = wrapper.application; includeInIndex = 0; path = GitHubRepoTask.app; sourceTree = BUILT_PRODUCTS_DIR; };
		041CDAD0269273E7004E1BCD /* AppDelegate.swift */ = {isa = PBXFileReference; lastKnownFileType = sourcecode.swift; name = AppDelegate.swift; path = ../../AppDelegate.swift; sourceTree = "<group>"; };
		041CDAD9269273EB004E1BCD /* Assets.xcassets */ = {isa = PBXFileReference; lastKnownFileType = folder.assetcatalog; name = Assets.xcassets; path = ../../Assets.xcassets; sourceTree = "<group>"; };
		041CDADC269273EB004E1BCD /* Base */ = {isa = PBXFileReference; lastKnownFileType = file.storyboard; name = Base; path = Base.lproj/LaunchScreen.storyboard; sourceTree = "<group>"; };
		041CDADE269273EB004E1BCD /* Info.plist */ = {isa = PBXFileReference; lastKnownFileType = text.plist.xml; name = Info.plist; path = ../../Info.plist; sourceTree = "<group>"; };
		041CDAE3269273EC004E1BCD /* GitHubRepoTaskTests.xctest */ = {isa = PBXFileReference; explicitFileType = wrapper.cfbundle; includeInIndex = 0; path = GitHubRepoTaskTests.xctest; sourceTree = BUILT_PRODUCTS_DIR; };
		041CDAE7269273EC004E1BCD /* GitHubRepoTaskTests.swift */ = {isa = PBXFileReference; lastKnownFileType = sourcecode.swift; path = GitHubRepoTaskTests.swift; sourceTree = "<group>"; };
		041CDAE9269273ED004E1BCD /* Info.plist */ = {isa = PBXFileReference; lastKnownFileType = text.plist.xml; path = Info.plist; sourceTree = "<group>"; };
		041CDAEE269273ED004E1BCD /* GitHubRepoTaskUITests.xctest */ = {isa = PBXFileReference; explicitFileType = wrapper.cfbundle; includeInIndex = 0; path = GitHubRepoTaskUITests.xctest; sourceTree = BUILT_PRODUCTS_DIR; };
		041CDAF2269273ED004E1BCD /* GitHubRepoTaskUITests.swift */ = {isa = PBXFileReference; lastKnownFileType = sourcecode.swift; path = GitHubRepoTaskUITests.swift; sourceTree = "<group>"; };
		041CDAF4269273ED004E1BCD /* Info.plist */ = {isa = PBXFileReference; lastKnownFileType = text.plist.xml; path = Info.plist; sourceTree = "<group>"; };
		041CDB0026928A9F004E1BCD /* README.md */ = {isa = PBXFileReference; lastKnownFileType = net.daringfireball.markdown; path = README.md; sourceTree = "<group>"; };
		041CDB1626928D26004E1BCD /* ExtensionUITableViewCell.swift */ = {isa = PBXFileReference; fileEncoding = 4; lastKnownFileType = sourcecode.swift; path = ExtensionUITableViewCell.swift; sourceTree = "<group>"; };
		041CDB1726928D26004E1BCD /* CellProtocol.swift */ = {isa = PBXFileReference; fileEncoding = 4; lastKnownFileType = sourcecode.swift; path = CellProtocol.swift; sourceTree = "<group>"; };
		041CDB1826928D26004E1BCD /* ExtensionUICollectionViewCell.swift */ = {isa = PBXFileReference; fileEncoding = 4; lastKnownFileType = sourcecode.swift; path = ExtensionUICollectionViewCell.swift; sourceTree = "<group>"; };
		041CDB1B26928D26004E1BCD /* User.swift */ = {isa = PBXFileReference; fileEncoding = 4; lastKnownFileType = sourcecode.swift; path = User.swift; sourceTree = "<group>"; };
		041CDB1C26928D26004E1BCD /* BaseModel.swift */ = {isa = PBXFileReference; fileEncoding = 4; lastKnownFileType = sourcecode.swift; path = BaseModel.swift; sourceTree = "<group>"; };
		041CDB1D26928D26004E1BCD /* Errors.swift */ = {isa = PBXFileReference; fileEncoding = 4; lastKnownFileType = sourcecode.swift; path = Errors.swift; sourceTree = "<group>"; };
		041CDB1E26928D26004E1BCD /* TokenModel.swift */ = {isa = PBXFileReference; fileEncoding = 4; lastKnownFileType = sourcecode.swift; path = TokenModel.swift; sourceTree = "<group>"; };
		041CDB2126928D26004E1BCD /* PresenterProtocol.swift */ = {isa = PBXFileReference; fileEncoding = 4; lastKnownFileType = sourcecode.swift; path = PresenterProtocol.swift; sourceTree = "<group>"; };
		041CDB2226928D26004E1BCD /* BasePresenter.swift */ = {isa = PBXFileReference; fileEncoding = 4; lastKnownFileType = sourcecode.swift; path = BasePresenter.swift; sourceTree = "<group>"; };
		041CDB2526928D26004E1BCD /* BaseController.swift */ = {isa = PBXFileReference; fileEncoding = 4; lastKnownFileType = sourcecode.swift; path = BaseController.swift; sourceTree = "<group>"; };
		041CDB2626928D26004E1BCD /* PresentingViewProtocol.swift */ = {isa = PBXFileReference; fileEncoding = 4; lastKnownFileType = sourcecode.swift; path = PresentingViewProtocol.swift; sourceTree = "<group>"; };
		041CDB2726928D26004E1BCD /* BaseViewControllerProtocol.swift */ = {isa = PBXFileReference; fileEncoding = 4; lastKnownFileType = sourcecode.swift; path = BaseViewControllerProtocol.swift; sourceTree = "<group>"; };
		041CDB2826928D26004E1BCD /* POPUPViewController.swift */ = {isa = PBXFileReference; fileEncoding = 4; lastKnownFileType = sourcecode.swift; path = POPUPViewController.swift; sourceTree = "<group>"; };
		041CDB2A26928D26004E1BCD /* Router.swift */ = {isa = PBXFileReference; fileEncoding = 4; lastKnownFileType = sourcecode.swift; path = Router.swift; sourceTree = "<group>"; };
		041CDB2B26928D26004E1BCD /* RouterProtocol.swift */ = {isa = PBXFileReference; fileEncoding = 4; lastKnownFileType = sourcecode.swift; path = RouterProtocol.swift; sourceTree = "<group>"; };
		041CDB7426929220004E1BCD /* GitHubRepoListStoryboard.storyboard */ = {isa = PBXFileReference; lastKnownFileType = file.storyboard; path = GitHubRepoListStoryboard.storyboard; sourceTree = "<group>"; };
		041CDB7526929220004E1BCD /* GitHubRepoListContract.swift */ = {isa = PBXFileReference; lastKnownFileType = sourcecode.swift; path = GitHubRepoListContract.swift; sourceTree = "<group>"; };
		041CDB7626929220004E1BCD /* GitHubRepoListPresenter.swift */ = {isa = PBXFileReference; lastKnownFileType = sourcecode.swift; path = GitHubRepoListPresenter.swift; sourceTree = "<group>"; };
		041CDB7726929220004E1BCD /* GitHubRepoListRouter.swift */ = {isa = PBXFileReference; lastKnownFileType = sourcecode.swift; path = GitHubRepoListRouter.swift; sourceTree = "<group>"; };
		041CDB7826929220004E1BCD /* GitHubRepoListModel.swift */ = {isa = PBXFileReference; lastKnownFileType = sourcecode.swift; path = GitHubRepoListModel.swift; sourceTree = "<group>"; };
		041CDB7926929220004E1BCD /* GitHubRepoListVC.swift */ = {isa = PBXFileReference; lastKnownFileType = sourcecode.swift; path = GitHubRepoListVC.swift; sourceTree = "<group>"; };
		041CDB83269293E7004E1BCD /* APIClient.swift */ = {isa = PBXFileReference; lastKnownFileType = sourcecode.swift; path = APIClient.swift; sourceTree = "<group>"; };
		041CDB8726930475004E1BCD /* GitHubRepoDetailsStoryboard.storyboard */ = {isa = PBXFileReference; lastKnownFileType = file.storyboard; path = GitHubRepoDetailsStoryboard.storyboard; sourceTree = "<group>"; };
		041CDB8826930475004E1BCD /* GitHubRepoDetailsContract.swift */ = {isa = PBXFileReference; lastKnownFileType = sourcecode.swift; path = GitHubRepoDetailsContract.swift; sourceTree = "<group>"; };
		041CDB8926930475004E1BCD /* GitHubRepoDetailsPresenter.swift */ = {isa = PBXFileReference; lastKnownFileType = sourcecode.swift; path = GitHubRepoDetailsPresenter.swift; sourceTree = "<group>"; };
		041CDB8A26930475004E1BCD /* GitHubRepoDetailsRouter.swift */ = {isa = PBXFileReference; lastKnownFileType = sourcecode.swift; path = GitHubRepoDetailsRouter.swift; sourceTree = "<group>"; };
		041CDB8B26930475004E1BCD /* GitHubRepoDetailsModel.swift */ = {isa = PBXFileReference; lastKnownFileType = sourcecode.swift; path = GitHubRepoDetailsModel.swift; sourceTree = "<group>"; };
		041CDB8C26930475004E1BCD /* GitHubRepoDetailsVC.swift */ = {isa = PBXFileReference; lastKnownFileType = sourcecode.swift; path = GitHubRepoDetailsVC.swift; sourceTree = "<group>"; };
		041CDB9626930DD3004E1BCD /* GitHubTableCell.swift */ = {isa = PBXFileReference; lastKnownFileType = sourcecode.swift; path = GitHubTableCell.swift; sourceTree = "<group>"; };
		041CDB9726930DD3004E1BCD /* GitHubTableCell.xib */ = {isa = PBXFileReference; lastKnownFileType = file.xib; path = GitHubTableCell.xib; sourceTree = "<group>"; };
		041CDB9D26931189004E1BCD /* R.generated.swift */ = {isa = PBXFileReference; fileEncoding = 4; lastKnownFileType = sourcecode.swift; path = R.generated.swift; sourceTree = SOURCE_ROOT; };
		041CDBA02693396E004E1BCD /* UIViewExtension.swift */ = {isa = PBXFileReference; lastKnownFileType = sourcecode.swift; path = UIViewExtension.swift; sourceTree = "<group>"; };
		041CDBA226933A08004E1BCD /* UIViewControllerExtension.swift */ = {isa = PBXFileReference; lastKnownFileType = sourcecode.swift; path = UIViewControllerExtension.swift; sourceTree = "<group>"; };
		041CDBA526933BE6004E1BCD /* MyAlertViewController.swift */ = {isa = PBXFileReference; lastKnownFileType = sourcecode.swift; path = MyAlertViewController.swift; sourceTree = "<group>"; };
		7A0BFD19758B7FFF8BF29729 /* Pods_GitHubRepoTask.framework */ = {isa = PBXFileReference; explicitFileType = wrapper.framework; includeInIndex = 0; path = Pods_GitHubRepoTask.framework; sourceTree = BUILT_PRODUCTS_DIR; };
		804236708D23AA3A2FF3E45C /* Pods-GitHubRepoTask.debug.xcconfig */ = {isa = PBXFileReference; includeInIndex = 1; lastKnownFileType = text.xcconfig; name = "Pods-GitHubRepoTask.debug.xcconfig"; path = "Target Support Files/Pods-GitHubRepoTask/Pods-GitHubRepoTask.debug.xcconfig"; sourceTree = "<group>"; };
		B5B945699A9E97CD83C5E456 /* Pods-GitHubRepoTask.release.xcconfig */ = {isa = PBXFileReference; includeInIndex = 1; lastKnownFileType = text.xcconfig; name = "Pods-GitHubRepoTask.release.xcconfig"; path = "Target Support Files/Pods-GitHubRepoTask/Pods-GitHubRepoTask.release.xcconfig"; sourceTree = "<group>"; };
/* End PBXFileReference section */

/* Begin PBXFrameworksBuildPhase section */
		041CDACA269273E7004E1BCD /* Frameworks */ = {
			isa = PBXFrameworksBuildPhase;
			buildActionMask = 2147483647;
			files = (
				C7B69CD2E83119CA7C6C1115 /* Pods_GitHubRepoTask.framework in Frameworks */,
			);
			runOnlyForDeploymentPostprocessing = 0;
		};
		041CDAE0269273EC004E1BCD /* Frameworks */ = {
			isa = PBXFrameworksBuildPhase;
			buildActionMask = 2147483647;
			files = (
			);
			runOnlyForDeploymentPostprocessing = 0;
		};
		041CDAEB269273ED004E1BCD /* Frameworks */ = {
			isa = PBXFrameworksBuildPhase;
			buildActionMask = 2147483647;
			files = (
			);
			runOnlyForDeploymentPostprocessing = 0;
		};
/* End PBXFrameworksBuildPhase section */

/* Begin PBXGroup section */
		041CDAC4269273E7004E1BCD = {
			isa = PBXGroup;
			children = (
				041CDB0026928A9F004E1BCD /* README.md */,
				041CDACF269273E7004E1BCD /* GitHubRepoTask */,
				041CDAE6269273EC004E1BCD /* GitHubRepoTaskTests */,
				041CDAF1269273ED004E1BCD /* GitHubRepoTaskUITests */,
				041CDACE269273E7004E1BCD /* Products */,
				A4BC485B4E0CC8306A556A08 /* Pods */,
				E5618EDB34266AE4022F9611 /* Frameworks */,
			);
			sourceTree = "<group>";
		};
		041CDACE269273E7004E1BCD /* Products */ = {
			isa = PBXGroup;
			children = (
				041CDACD269273E7004E1BCD /* GitHubRepoTask.app */,
				041CDAE3269273EC004E1BCD /* GitHubRepoTaskTests.xctest */,
				041CDAEE269273ED004E1BCD /* GitHubRepoTaskUITests.xctest */,
			);
			name = Products;
			sourceTree = "<group>";
		};
		041CDACF269273E7004E1BCD /* GitHubRepoTask */ = {
			isa = PBXGroup;
			children = (
				041CDB1226928D26004E1BCD /* Application */,
				041CDB7326928F1F004E1BCD /* Modules */,
				041CDBA426933BCB004E1BCD /* Helper */,
				041CDB9F2693362A004E1BCD /* Extensions */,
			);
			path = GitHubRepoTask;
			sourceTree = "<group>";
		};
		041CDAE6269273EC004E1BCD /* GitHubRepoTaskTests */ = {
			isa = PBXGroup;
			children = (
				041CDAE7269273EC004E1BCD /* GitHubRepoTaskTests.swift */,
				041CDAE9269273ED004E1BCD /* Info.plist */,
			);
			path = GitHubRepoTaskTests;
			sourceTree = "<group>";
		};
		041CDAF1269273ED004E1BCD /* GitHubRepoTaskUITests */ = {
			isa = PBXGroup;
			children = (
				041CDAF2269273ED004E1BCD /* GitHubRepoTaskUITests.swift */,
				041CDAF4269273ED004E1BCD /* Info.plist */,
			);
			path = GitHubRepoTaskUITests;
			sourceTree = "<group>";
		};
		041CDB1226928D26004E1BCD /* Application */ = {
			isa = PBXGroup;
			children = (
				041CDB1326928D26004E1BCD /* Core */,
				041CDB4126928D26004E1BCD /* SupportFiles */,
			);
			path = Application;
			sourceTree = "<group>";
		};
		041CDB1326928D26004E1BCD /* Core */ = {
			isa = PBXGroup;
			children = (
				041CDB8226929345004E1BCD /* NetWorkLayer */,
				041CDB1426928D26004E1BCD /* Cells */,
				041CDB1926928D26004E1BCD /* Models */,
				041CDB1F26928D26004E1BCD /* Presenters */,
				041CDB2326928D26004E1BCD /* ViewControllers */,
				041CDB2926928D26004E1BCD /* Router */,
			);
			path = Core;
			sourceTree = "<group>";
		};
		041CDB1426928D26004E1BCD /* Cells */ = {
			isa = PBXGroup;
			children = (
				041CDB1526928D26004E1BCD /* Core */,
			);
			path = Cells;
			sourceTree = "<group>";
		};
		041CDB1526928D26004E1BCD /* Core */ = {
			isa = PBXGroup;
			children = (
				041CDB1626928D26004E1BCD /* ExtensionUITableViewCell.swift */,
				041CDB1726928D26004E1BCD /* CellProtocol.swift */,
				041CDB1826928D26004E1BCD /* ExtensionUICollectionViewCell.swift */,
			);
			path = Core;
			sourceTree = "<group>";
		};
		041CDB1926928D26004E1BCD /* Models */ = {
			isa = PBXGroup;
			children = (
				041CDB1A26928D26004E1BCD /* Core */,
			);
			path = Models;
			sourceTree = "<group>";
		};
		041CDB1A26928D26004E1BCD /* Core */ = {
			isa = PBXGroup;
			children = (
				041CDB1B26928D26004E1BCD /* User.swift */,
				041CDB1C26928D26004E1BCD /* BaseModel.swift */,
				041CDB1D26928D26004E1BCD /* Errors.swift */,
				041CDB1E26928D26004E1BCD /* TokenModel.swift */,
			);
			path = Core;
			sourceTree = "<group>";
		};
		041CDB1F26928D26004E1BCD /* Presenters */ = {
			isa = PBXGroup;
			children = (
				041CDB2026928D26004E1BCD /* Core */,
			);
			path = Presenters;
			sourceTree = "<group>";
		};
		041CDB2026928D26004E1BCD /* Core */ = {
			isa = PBXGroup;
			children = (
				041CDB2126928D26004E1BCD /* PresenterProtocol.swift */,
				041CDB2226928D26004E1BCD /* BasePresenter.swift */,
			);
			path = Core;
			sourceTree = "<group>";
		};
		041CDB2326928D26004E1BCD /* ViewControllers */ = {
			isa = PBXGroup;
			children = (
				041CDB2426928D26004E1BCD /* Core */,
			);
			path = ViewControllers;
			sourceTree = "<group>";
		};
		041CDB2426928D26004E1BCD /* Core */ = {
			isa = PBXGroup;
			children = (
				041CDB2526928D26004E1BCD /* BaseController.swift */,
				041CDB2626928D26004E1BCD /* PresentingViewProtocol.swift */,
				041CDB2726928D26004E1BCD /* BaseViewControllerProtocol.swift */,
				041CDB2826928D26004E1BCD /* POPUPViewController.swift */,
			);
			path = Core;
			sourceTree = "<group>";
		};
		041CDB2926928D26004E1BCD /* Router */ = {
			isa = PBXGroup;
			children = (
				041CDB2A26928D26004E1BCD /* Router.swift */,
				041CDB2B26928D26004E1BCD /* RouterProtocol.swift */,
			);
			path = Router;
			sourceTree = "<group>";
		};
		041CDB4126928D26004E1BCD /* SupportFiles */ = {
			isa = PBXGroup;
			children = (
				041CDAD0269273E7004E1BCD /* AppDelegate.swift */,
				041CDAD9269273EB004E1BCD /* Assets.xcassets */,
				041CDADB269273EB004E1BCD /* LaunchScreen.storyboard */,
				041CDADE269273EB004E1BCD /* Info.plist */,
				041CDB9D26931189004E1BCD /* R.generated.swift */,
			);
			path = SupportFiles;
			sourceTree = "<group>";
		};
		041CDB7326928F1F004E1BCD /* Modules */ = {
			isa = PBXGroup;
			children = (
				041CDB852693043A004E1BCD /* GItHubRepoList */,
				041CDB8626930451004E1BCD /* GitHubRepoDetails */,
			);
			path = Modules;
			sourceTree = "<group>";
		};
		041CDB8226929345004E1BCD /* NetWorkLayer */ = {
			isa = PBXGroup;
			children = (
				041CDB83269293E7004E1BCD /* APIClient.swift */,
			);
			path = NetWorkLayer;
			sourceTree = "<group>";
		};
		041CDB852693043A004E1BCD /* GItHubRepoList */ = {
			isa = PBXGroup;
			children = (
				041CDB9526930DAF004E1BCD /* TableCell */,
				041CDB7426929220004E1BCD /* GitHubRepoListStoryboard.storyboard */,
				041CDB7526929220004E1BCD /* GitHubRepoListContract.swift */,
				041CDB7626929220004E1BCD /* GitHubRepoListPresenter.swift */,
				041CDB7726929220004E1BCD /* GitHubRepoListRouter.swift */,
				041CDB7826929220004E1BCD /* GitHubRepoListModel.swift */,
				041CDB7926929220004E1BCD /* GitHubRepoListVC.swift */,
			);
			name = GItHubRepoList;
			sourceTree = "<group>";
		};
		041CDB8626930451004E1BCD /* GitHubRepoDetails */ = {
			isa = PBXGroup;
			children = (
				041CDB8726930475004E1BCD /* GitHubRepoDetailsStoryboard.storyboard */,
				041CDB8826930475004E1BCD /* GitHubRepoDetailsContract.swift */,
				041CDB8926930475004E1BCD /* GitHubRepoDetailsPresenter.swift */,
				041CDB8A26930475004E1BCD /* GitHubRepoDetailsRouter.swift */,
				041CDB8B26930475004E1BCD /* GitHubRepoDetailsModel.swift */,
				041CDB8C26930475004E1BCD /* GitHubRepoDetailsVC.swift */,
			);
			name = GitHubRepoDetails;
			sourceTree = "<group>";
		};
		041CDB9526930DAF004E1BCD /* TableCell */ = {
			isa = PBXGroup;
			children = (
				041CDB9626930DD3004E1BCD /* GitHubTableCell.swift */,
				041CDB9726930DD3004E1BCD /* GitHubTableCell.xib */,
			);
			name = TableCell;
			sourceTree = "<group>";
		};
		041CDB9F2693362A004E1BCD /* Extensions */ = {
			isa = PBXGroup;
			children = (
				041CDBA02693396E004E1BCD /* UIViewExtension.swift */,
				041CDBA226933A08004E1BCD /* UIViewControllerExtension.swift */,
			);
			path = Extensions;
			sourceTree = "<group>";
		};
		041CDBA426933BCB004E1BCD /* Helper */ = {
			isa = PBXGroup;
			children = (
				041CDBA526933BE6004E1BCD /* MyAlertViewController.swift */,
			);
			path = Helper;
			sourceTree = "<group>";
		};
		A4BC485B4E0CC8306A556A08 /* Pods */ = {
			isa = PBXGroup;
			children = (
				804236708D23AA3A2FF3E45C /* Pods-GitHubRepoTask.debug.xcconfig */,
				B5B945699A9E97CD83C5E456 /* Pods-GitHubRepoTask.release.xcconfig */,
			);
			path = Pods;
			sourceTree = "<group>";
		};
		E5618EDB34266AE4022F9611 /* Frameworks */ = {
			isa = PBXGroup;
			children = (
				7A0BFD19758B7FFF8BF29729 /* Pods_GitHubRepoTask.framework */,
			);
			name = Frameworks;
			sourceTree = "<group>";
		};
/* End PBXGroup section */

/* Begin PBXNativeTarget section */
		041CDACC269273E7004E1BCD /* GitHubRepoTask */ = {
			isa = PBXNativeTarget;
			buildConfigurationList = 041CDAF7269273ED004E1BCD /* Build configuration list for PBXNativeTarget "GitHubRepoTask" */;
			buildPhases = (
				657B311D0D2C72E2B7064719 /* [CP] Check Pods Manifest.lock */,
				041CDACA269273E7004E1BCD /* Frameworks */,
				041CDB9A269310A8004E1BCD /* R.Swift */,
				041CDACB269273E7004E1BCD /* Resources */,
				4F02619A5B35621A73155FAB /* [CP] Embed Pods Frameworks */,
				041CDAC9269273E7004E1BCD /* Sources */,
			);
			buildRules = (
			);
			dependencies = (
			);
			name = GitHubRepoTask;
			productName = GitHubRepoTask;
			productReference = 041CDACD269273E7004E1BCD /* GitHubRepoTask.app */;
			productType = "com.apple.product-type.application";
		};
		041CDAE2269273EC004E1BCD /* GitHubRepoTaskTests */ = {
			isa = PBXNativeTarget;
			buildConfigurationList = 041CDAFA269273ED004E1BCD /* Build configuration list for PBXNativeTarget "GitHubRepoTaskTests" */;
			buildPhases = (
				041CDADF269273EC004E1BCD /* Sources */,
				041CDAE0269273EC004E1BCD /* Frameworks */,
				041CDAE1269273EC004E1BCD /* Resources */,
			);
			buildRules = (
			);
			dependencies = (
				041CDAE5269273EC004E1BCD /* PBXTargetDependency */,
			);
			name = GitHubRepoTaskTests;
			productName = GitHubRepoTaskTests;
			productReference = 041CDAE3269273EC004E1BCD /* GitHubRepoTaskTests.xctest */;
			productType = "com.apple.product-type.bundle.unit-test";
		};
		041CDAED269273ED004E1BCD /* GitHubRepoTaskUITests */ = {
			isa = PBXNativeTarget;
			buildConfigurationList = 041CDAFD269273ED004E1BCD /* Build configuration list for PBXNativeTarget "GitHubRepoTaskUITests" */;
			buildPhases = (
				041CDAEA269273ED004E1BCD /* Sources */,
				041CDAEB269273ED004E1BCD /* Frameworks */,
				041CDAEC269273ED004E1BCD /* Resources */,
			);
			buildRules = (
			);
			dependencies = (
				041CDAF0269273ED004E1BCD /* PBXTargetDependency */,
			);
			name = GitHubRepoTaskUITests;
			productName = GitHubRepoTaskUITests;
			productReference = 041CDAEE269273ED004E1BCD /* GitHubRepoTaskUITests.xctest */;
			productType = "com.apple.product-type.bundle.ui-testing";
		};
/* End PBXNativeTarget section */

/* Begin PBXProject section */
		041CDAC5269273E7004E1BCD /* Project object */ = {
			isa = PBXProject;
			attributes = {
				LastSwiftUpdateCheck = 1250;
				LastUpgradeCheck = 1250;
				TargetAttributes = {
					041CDACC269273E7004E1BCD = {
						CreatedOnToolsVersion = 12.5;
					};
					041CDAE2269273EC004E1BCD = {
						CreatedOnToolsVersion = 12.5;
						TestTargetID = 041CDACC269273E7004E1BCD;
					};
					041CDAED269273ED004E1BCD = {
						CreatedOnToolsVersion = 12.5;
						TestTargetID = 041CDACC269273E7004E1BCD;
					};
				};
			};
			buildConfigurationList = 041CDAC8269273E7004E1BCD /* Build configuration list for PBXProject "GitHubRepoTask" */;
			compatibilityVersion = "Xcode 9.3";
			developmentRegion = en;
			hasScannedForEncodings = 0;
			knownRegions = (
				en,
				Base,
				ar,
			);
			mainGroup = 041CDAC4269273E7004E1BCD;
			productRefGroup = 041CDACE269273E7004E1BCD /* Products */;
			projectDirPath = "";
			projectRoot = "";
			targets = (
				041CDACC269273E7004E1BCD /* GitHubRepoTask */,
				041CDAE2269273EC004E1BCD /* GitHubRepoTaskTests */,
				041CDAED269273ED004E1BCD /* GitHubRepoTaskUITests */,
			);
		};
/* End PBXProject section */

/* Begin PBXResourcesBuildPhase section */
		041CDACB269273E7004E1BCD /* Resources */ = {
			isa = PBXResourcesBuildPhase;
			buildActionMask = 2147483647;
			files = (
				041CDB8E26930475004E1BCD /* GitHubRepoDetailsStoryboard.storyboard in Resources */,
				041CDB9926930DD3004E1BCD /* GitHubTableCell.xib in Resources */,
				041CDB7B26929220004E1BCD /* GitHubRepoListStoryboard.storyboard in Resources */,
				041CDADD269273EB004E1BCD /* LaunchScreen.storyboard in Resources */,
				041CDADA269273EB004E1BCD /* Assets.xcassets in Resources */,
				041CDB0126928A9F004E1BCD /* README.md in Resources */,
			);
			runOnlyForDeploymentPostprocessing = 0;
		};
		041CDAE1269273EC004E1BCD /* Resources */ = {
			isa = PBXResourcesBuildPhase;
			buildActionMask = 2147483647;
			files = (
			);
			runOnlyForDeploymentPostprocessing = 0;
		};
		041CDAEC269273ED004E1BCD /* Resources */ = {
			isa = PBXResourcesBuildPhase;
			buildActionMask = 2147483647;
			files = (
			);
			runOnlyForDeploymentPostprocessing = 0;
		};
/* End PBXResourcesBuildPhase section */

/* Begin PBXShellScriptBuildPhase section */
		041CDB9A269310A8004E1BCD /* R.Swift */ = {
			isa = PBXShellScriptBuildPhase;
			buildActionMask = 2147483647;
			files = (
			);
			inputFileListPaths = (
			);
			inputPaths = (
				"$TEMP_DIR/rswift-lastrun",
			);
			name = R.Swift;
			outputFileListPaths = (
			);
			outputPaths = (
				$SRCROOT/R.generated.swift,
			);
			runOnlyForDeploymentPostprocessing = 0;
			shellPath = /bin/sh;
			shellScript = "# Type a script or drag a script file from your workspace to insert its path.\n\"$PODS_ROOT/R.swift/rswift\" generate \"$SRCROOT/R.generated.swift\"\n";
		};
		4F02619A5B35621A73155FAB /* [CP] Embed Pods Frameworks */ = {
			isa = PBXShellScriptBuildPhase;
			buildActionMask = 2147483647;
			files = (
			);
			inputFileListPaths = (
				"${PODS_ROOT}/Target Support Files/Pods-GitHubRepoTask/Pods-GitHubRepoTask-frameworks-${CONFIGURATION}-input-files.xcfilelist",
			);
			name = "[CP] Embed Pods Frameworks";
			outputFileListPaths = (
				"${PODS_ROOT}/Target Support Files/Pods-GitHubRepoTask/Pods-GitHubRepoTask-frameworks-${CONFIGURATION}-output-files.xcfilelist",
			);
			runOnlyForDeploymentPostprocessing = 0;
			shellPath = /bin/sh;
			shellScript = "\"${PODS_ROOT}/Target Support Files/Pods-GitHubRepoTask/Pods-GitHubRepoTask-frameworks.sh\"\n";
			showEnvVarsInLog = 0;
		};
		657B311D0D2C72E2B7064719 /* [CP] Check Pods Manifest.lock */ = {
			isa = PBXShellScriptBuildPhase;
			buildActionMask = 2147483647;
			files = (
			);
			inputFileListPaths = (
			);
			inputPaths = (
				"${PODS_PODFILE_DIR_PATH}/Podfile.lock",
				"${PODS_ROOT}/Manifest.lock",
			);
			name = "[CP] Check Pods Manifest.lock";
			outputFileListPaths = (
			);
			outputPaths = (
				"$(DERIVED_FILE_DIR)/Pods-GitHubRepoTask-checkManifestLockResult.txt",
			);
			runOnlyForDeploymentPostprocessing = 0;
			shellPath = /bin/sh;
			shellScript = "diff \"${PODS_PODFILE_DIR_PATH}/Podfile.lock\" \"${PODS_ROOT}/Manifest.lock\" > /dev/null\nif [ $? != 0 ] ; then\n    # print error to STDERR\n    echo \"error: The sandbox is not in sync with the Podfile.lock. Run 'pod install' or update your CocoaPods installation.\" >&2\n    exit 1\nfi\n# This output is used by Xcode 'outputs' to avoid re-running this script phase.\necho \"SUCCESS\" > \"${SCRIPT_OUTPUT_FILE_0}\"\n";
			showEnvVarsInLog = 0;
		};
/* End PBXShellScriptBuildPhase section */

/* Begin PBXSourcesBuildPhase section */
		041CDAC9269273E7004E1BCD /* Sources */ = {
			isa = PBXSourcesBuildPhase;
			buildActionMask = 2147483647;
			files = (
				041CDBA12693396E004E1BCD /* UIViewExtension.swift in Sources */,
				041CDB7C26929220004E1BCD /* GitHubRepoListContract.swift in Sources */,
				041CDB8F26930475004E1BCD /* GitHubRepoDetailsContract.swift in Sources */,
				041CDB5526928D26004E1BCD /* BasePresenter.swift in Sources */,
				041CDB7F26929220004E1BCD /* GitHubRepoListModel.swift in Sources */,
				041CDB4E26928D26004E1BCD /* CellProtocol.swift in Sources */,
				041CDB9226930475004E1BCD /* GitHubRepoDetailsModel.swift in Sources */,
				041CDB84269293E7004E1BCD /* APIClient.swift in Sources */,
				041CDB9826930DD3004E1BCD /* GitHubTableCell.swift in Sources */,
				041CDB9126930475004E1BCD /* GitHubRepoDetailsRouter.swift in Sources */,
				041CDB5926928D26004E1BCD /* POPUPViewController.swift in Sources */,
				041CDAD1269273E7004E1BCD /* AppDelegate.swift in Sources */,
				041CDB9E26931189004E1BCD /* R.generated.swift in Sources */,
				041CDB4F26928D26004E1BCD /* ExtensionUICollectionViewCell.swift in Sources */,
				041CDB5626928D26004E1BCD /* BaseController.swift in Sources */,
				041CDB5126928D26004E1BCD /* BaseModel.swift in Sources */,
				041CDB5B26928D26004E1BCD /* RouterProtocol.swift in Sources */,
				041CDB9026930475004E1BCD /* GitHubRepoDetailsPresenter.swift in Sources */,
				041CDBA326933A08004E1BCD /* UIViewControllerExtension.swift in Sources */,
				041CDBA626933BE6004E1BCD /* MyAlertViewController.swift in Sources */,
				041CDB7D26929220004E1BCD /* GitHubRepoListPresenter.swift in Sources */,
				041CDB9326930475004E1BCD /* GitHubRepoDetailsVC.swift in Sources */,
				041CDB5A26928D26004E1BCD /* Router.swift in Sources */,
				041CDB5726928D26004E1BCD /* PresentingViewProtocol.swift in Sources */,
				041CDB5226928D26004E1BCD /* Errors.swift in Sources */,
				041CDB5826928D26004E1BCD /* BaseViewControllerProtocol.swift in Sources */,
				041CDB5326928D26004E1BCD /* TokenModel.swift in Sources */,
				041CDB7E26929220004E1BCD /* GitHubRepoListRouter.swift in Sources */,
				041CDB4D26928D26004E1BCD /* ExtensionUITableViewCell.swift in Sources */,
				041CDB5026928D26004E1BCD /* User.swift in Sources */,
				041CDB8026929220004E1BCD /* GitHubRepoListVC.swift in Sources */,
				041CDB5426928D26004E1BCD /* PresenterProtocol.swift in Sources */,
			);
			runOnlyForDeploymentPostprocessing = 0;
		};
		041CDADF269273EC004E1BCD /* Sources */ = {
			isa = PBXSourcesBuildPhase;
			buildActionMask = 2147483647;
			files = (
				041CDAE8269273EC004E1BCD /* GitHubRepoTaskTests.swift in Sources */,
			);
			runOnlyForDeploymentPostprocessing = 0;
		};
		041CDAEA269273ED004E1BCD /* Sources */ = {
			isa = PBXSourcesBuildPhase;
			buildActionMask = 2147483647;
			files = (
				041CDAF3269273ED004E1BCD /* GitHubRepoTaskUITests.swift in Sources */,
			);
			runOnlyForDeploymentPostprocessing = 0;
		};
/* End PBXSourcesBuildPhase section */

/* Begin PBXTargetDependency section */
		041CDAE5269273EC004E1BCD /* PBXTargetDependency */ = {
			isa = PBXTargetDependency;
			target = 041CDACC269273E7004E1BCD /* GitHubRepoTask */;
			targetProxy = 041CDAE4269273EC004E1BCD /* PBXContainerItemProxy */;
		};
		041CDAF0269273ED004E1BCD /* PBXTargetDependency */ = {
			isa = PBXTargetDependency;
			target = 041CDACC269273E7004E1BCD /* GitHubRepoTask */;
			targetProxy = 041CDAEF269273ED004E1BCD /* PBXContainerItemProxy */;
		};
/* End PBXTargetDependency section */

/* Begin PBXVariantGroup section */
		041CDADB269273EB004E1BCD /* LaunchScreen.storyboard */ = {
			isa = PBXVariantGroup;
			children = (
				041CDADC269273EB004E1BCD /* Base */,
			);
			name = LaunchScreen.storyboard;
			sourceTree = "<group>";
		};
/* End PBXVariantGroup section */

/* Begin XCBuildConfiguration section */
		041CDAF5269273ED004E1BCD /* Debug */ = {
			isa = XCBuildConfiguration;
			buildSettings = {
				ALWAYS_SEARCH_USER_PATHS = NO;
				CLANG_ANALYZER_NONNULL = YES;
				CLANG_ANALYZER_NUMBER_OBJECT_CONVERSION = YES_AGGRESSIVE;
				CLANG_CXX_LANGUAGE_STANDARD = "gnu++14";
				CLANG_CXX_LIBRARY = "libc++";
				CLANG_ENABLE_MODULES = YES;
				CLANG_ENABLE_OBJC_ARC = YES;
				CLANG_ENABLE_OBJC_WEAK = YES;
				CLANG_WARN_BLOCK_CAPTURE_AUTORELEASING = YES;
				CLANG_WARN_BOOL_CONVERSION = YES;
				CLANG_WARN_COMMA = YES;
				CLANG_WARN_CONSTANT_CONVERSION = YES;
				CLANG_WARN_DEPRECATED_OBJC_IMPLEMENTATIONS = YES;
				CLANG_WARN_DIRECT_OBJC_ISA_USAGE = YES_ERROR;
				CLANG_WARN_DOCUMENTATION_COMMENTS = YES;
				CLANG_WARN_EMPTY_BODY = YES;
				CLANG_WARN_ENUM_CONVERSION = YES;
				CLANG_WARN_INFINITE_RECURSION = YES;
				CLANG_WARN_INT_CONVERSION = YES;
				CLANG_WARN_NON_LITERAL_NULL_CONVERSION = YES;
				CLANG_WARN_OBJC_IMPLICIT_RETAIN_SELF = YES;
				CLANG_WARN_OBJC_LITERAL_CONVERSION = YES;
				CLANG_WARN_OBJC_ROOT_CLASS = YES_ERROR;
				CLANG_WARN_QUOTED_INCLUDE_IN_FRAMEWORK_HEADER = YES;
				CLANG_WARN_RANGE_LOOP_ANALYSIS = YES;
				CLANG_WARN_STRICT_PROTOTYPES = YES;
				CLANG_WARN_SUSPICIOUS_MOVE = YES;
				CLANG_WARN_UNGUARDED_AVAILABILITY = YES_AGGRESSIVE;
				CLANG_WARN_UNREACHABLE_CODE = YES;
				CLANG_WARN__DUPLICATE_METHOD_MATCH = YES;
				COPY_PHASE_STRIP = NO;
				DEBUG_INFORMATION_FORMAT = dwarf;
				ENABLE_STRICT_OBJC_MSGSEND = YES;
				ENABLE_TESTABILITY = YES;
				GCC_C_LANGUAGE_STANDARD = gnu11;
				GCC_DYNAMIC_NO_PIC = NO;
				GCC_NO_COMMON_BLOCKS = YES;
				GCC_OPTIMIZATION_LEVEL = 0;
				GCC_PREPROCESSOR_DEFINITIONS = (
					"DEBUG=1",
					"$(inherited)",
				);
				GCC_WARN_64_TO_32_BIT_CONVERSION = YES;
				GCC_WARN_ABOUT_RETURN_TYPE = YES_ERROR;
				GCC_WARN_UNDECLARED_SELECTOR = YES;
				GCC_WARN_UNINITIALIZED_AUTOS = YES_AGGRESSIVE;
				GCC_WARN_UNUSED_FUNCTION = YES;
				GCC_WARN_UNUSED_VARIABLE = YES;
				IPHONEOS_DEPLOYMENT_TARGET = 14.5;
				MTL_ENABLE_DEBUG_INFO = INCLUDE_SOURCE;
				MTL_FAST_MATH = YES;
				ONLY_ACTIVE_ARCH = YES;
				SDKROOT = iphoneos;
				SWIFT_ACTIVE_COMPILATION_CONDITIONS = DEBUG;
				SWIFT_OPTIMIZATION_LEVEL = "-Onone";
			};
			name = Debug;
		};
		041CDAF6269273ED004E1BCD /* Release */ = {
			isa = XCBuildConfiguration;
			buildSettings = {
				ALWAYS_SEARCH_USER_PATHS = NO;
				CLANG_ANALYZER_NONNULL = YES;
				CLANG_ANALYZER_NUMBER_OBJECT_CONVERSION = YES_AGGRESSIVE;
				CLANG_CXX_LANGUAGE_STANDARD = "gnu++14";
				CLANG_CXX_LIBRARY = "libc++";
				CLANG_ENABLE_MODULES = YES;
				CLANG_ENABLE_OBJC_ARC = YES;
				CLANG_ENABLE_OBJC_WEAK = YES;
				CLANG_WARN_BLOCK_CAPTURE_AUTORELEASING = YES;
				CLANG_WARN_BOOL_CONVERSION = YES;
				CLANG_WARN_COMMA = YES;
				CLANG_WARN_CONSTANT_CONVERSION = YES;
				CLANG_WARN_DEPRECATED_OBJC_IMPLEMENTATIONS = YES;
				CLANG_WARN_DIRECT_OBJC_ISA_USAGE = YES_ERROR;
				CLANG_WARN_DOCUMENTATION_COMMENTS = YES;
				CLANG_WARN_EMPTY_BODY = YES;
				CLANG_WARN_ENUM_CONVERSION = YES;
				CLANG_WARN_INFINITE_RECURSION = YES;
				CLANG_WARN_INT_CONVERSION = YES;
				CLANG_WARN_NON_LITERAL_NULL_CONVERSION = YES;
				CLANG_WARN_OBJC_IMPLICIT_RETAIN_SELF = YES;
				CLANG_WARN_OBJC_LITERAL_CONVERSION = YES;
				CLANG_WARN_OBJC_ROOT_CLASS = YES_ERROR;
				CLANG_WARN_QUOTED_INCLUDE_IN_FRAMEWORK_HEADER = YES;
				CLANG_WARN_RANGE_LOOP_ANALYSIS = YES;
				CLANG_WARN_STRICT_PROTOTYPES = YES;
				CLANG_WARN_SUSPICIOUS_MOVE = YES;
				CLANG_WARN_UNGUARDED_AVAILABILITY = YES_AGGRESSIVE;
				CLANG_WARN_UNREACHABLE_CODE = YES;
				CLANG_WARN__DUPLICATE_METHOD_MATCH = YES;
				COPY_PHASE_STRIP = NO;
				DEBUG_INFORMATION_FORMAT = "dwarf-with-dsym";
				ENABLE_NS_ASSERTIONS = NO;
				ENABLE_STRICT_OBJC_MSGSEND = YES;
				GCC_C_LANGUAGE_STANDARD = gnu11;
				GCC_NO_COMMON_BLOCKS = YES;
				GCC_WARN_64_TO_32_BIT_CONVERSION = YES;
				GCC_WARN_ABOUT_RETURN_TYPE = YES_ERROR;
				GCC_WARN_UNDECLARED_SELECTOR = YES;
				GCC_WARN_UNINITIALIZED_AUTOS = YES_AGGRESSIVE;
				GCC_WARN_UNUSED_FUNCTION = YES;
				GCC_WARN_UNUSED_VARIABLE = YES;
				IPHONEOS_DEPLOYMENT_TARGET = 14.5;
				MTL_ENABLE_DEBUG_INFO = NO;
				MTL_FAST_MATH = YES;
				SDKROOT = iphoneos;
				SWIFT_COMPILATION_MODE = wholemodule;
				SWIFT_OPTIMIZATION_LEVEL = "-O";
				VALIDATE_PRODUCT = YES;
			};
			name = Release;
		};
		041CDAF8269273ED004E1BCD /* Debug */ = {
			isa = XCBuildConfiguration;
			baseConfigurationReference = 804236708D23AA3A2FF3E45C /* Pods-GitHubRepoTask.debug.xcconfig */;
			buildSettings = {
				ASSETCATALOG_COMPILER_APPICON_NAME = AppIcon;
				ASSETCATALOG_COMPILER_GLOBAL_ACCENT_COLOR_NAME = AccentColor;
				CODE_SIGN_STYLE = Automatic;
				INFOPLIST_FILE = GitHubRepoTask/Info.plist;
				LD_RUNPATH_SEARCH_PATHS = (
					"$(inherited)",
					"@executable_path/Frameworks",
				);
				PRODUCT_BUNDLE_IDENTIFIER = com.raghad.GitHubRepoTask;
				PRODUCT_NAME = "$(TARGET_NAME)";
				SWIFT_VERSION = 5.0;
				TARGETED_DEVICE_FAMILY = "1,2";
			};
			name = Debug;
		};
		041CDAF9269273ED004E1BCD /* Release */ = {
			isa = XCBuildConfiguration;
			baseConfigurationReference = B5B945699A9E97CD83C5E456 /* Pods-GitHubRepoTask.release.xcconfig */;
			buildSettings = {
				ASSETCATALOG_COMPILER_APPICON_NAME = AppIcon;
				ASSETCATALOG_COMPILER_GLOBAL_ACCENT_COLOR_NAME = AccentColor;
				CODE_SIGN_STYLE = Automatic;
				INFOPLIST_FILE = GitHubRepoTask/Info.plist;
				LD_RUNPATH_SEARCH_PATHS = (
					"$(inherited)",
					"@executable_path/Frameworks",
				);
				PRODUCT_BUNDLE_IDENTIFIER = com.raghad.GitHubRepoTask;
				PRODUCT_NAME = "$(TARGET_NAME)";
				SWIFT_VERSION = 5.0;
				TARGETED_DEVICE_FAMILY = "1,2";
			};
			name = Release;
		};
		041CDAFB269273ED004E1BCD /* Debug */ = {
			isa = XCBuildConfiguration;
			buildSettings = {
				ALWAYS_EMBED_SWIFT_STANDARD_LIBRARIES = YES;
				BUNDLE_LOADER = "$(TEST_HOST)";
				CODE_SIGN_STYLE = Automatic;
				INFOPLIST_FILE = GitHubRepoTaskTests/Info.plist;
				IPHONEOS_DEPLOYMENT_TARGET = 14.5;
				LD_RUNPATH_SEARCH_PATHS = (
					"$(inherited)",
					"@executable_path/Frameworks",
					"@loader_path/Frameworks",
				);
				PRODUCT_BUNDLE_IDENTIFIER = com.raghad.GitHubRepoTaskTests;
				PRODUCT_NAME = "$(TARGET_NAME)";
				SWIFT_VERSION = 5.0;
				TARGETED_DEVICE_FAMILY = "1,2";
				TEST_HOST = "$(BUILT_PRODUCTS_DIR)/GitHubRepoTask.app/GitHubRepoTask";
			};
			name = Debug;
		};
		041CDAFC269273ED004E1BCD /* Release */ = {
			isa = XCBuildConfiguration;
			buildSettings = {
				ALWAYS_EMBED_SWIFT_STANDARD_LIBRARIES = YES;
				BUNDLE_LOADER = "$(TEST_HOST)";
				CODE_SIGN_STYLE = Automatic;
				INFOPLIST_FILE = GitHubRepoTaskTests/Info.plist;
				IPHONEOS_DEPLOYMENT_TARGET = 14.5;
				LD_RUNPATH_SEARCH_PATHS = (
					"$(inherited)",
					"@executable_path/Frameworks",
					"@loader_path/Frameworks",
				);
				PRODUCT_BUNDLE_IDENTIFIER = com.raghad.GitHubRepoTaskTests;
				PRODUCT_NAME = "$(TARGET_NAME)";
				SWIFT_VERSION = 5.0;
				TARGETED_DEVICE_FAMILY = "1,2";
				TEST_HOST = "$(BUILT_PRODUCTS_DIR)/GitHubRepoTask.app/GitHubRepoTask";
			};
			name = Release;
		};
		041CDAFE269273ED004E1BCD /* Debug */ = {
			isa = XCBuildConfiguration;
			buildSettings = {
				ALWAYS_EMBED_SWIFT_STANDARD_LIBRARIES = YES;
				CODE_SIGN_STYLE = Automatic;
				INFOPLIST_FILE = GitHubRepoTaskUITests/Info.plist;
				LD_RUNPATH_SEARCH_PATHS = (
					"$(inherited)",
					"@executable_path/Frameworks",
					"@loader_path/Frameworks",
				);
				PRODUCT_BUNDLE_IDENTIFIER = com.raghad.GitHubRepoTaskUITests;
				PRODUCT_NAME = "$(TARGET_NAME)";
				SWIFT_VERSION = 5.0;
				TARGETED_DEVICE_FAMILY = "1,2";
				TEST_TARGET_NAME = GitHubRepoTask;
			};
			name = Debug;
		};
		041CDAFF269273ED004E1BCD /* Release */ = {
			isa = XCBuildConfiguration;
			buildSettings = {
				ALWAYS_EMBED_SWIFT_STANDARD_LIBRARIES = YES;
				CODE_SIGN_STYLE = Automatic;
				INFOPLIST_FILE = GitHubRepoTaskUITests/Info.plist;
				LD_RUNPATH_SEARCH_PATHS = (
					"$(inherited)",
					"@executable_path/Frameworks",
					"@loader_path/Frameworks",
				);
				PRODUCT_BUNDLE_IDENTIFIER = com.raghad.GitHubRepoTaskUITests;
				PRODUCT_NAME = "$(TARGET_NAME)";
				SWIFT_VERSION = 5.0;
				TARGETED_DEVICE_FAMILY = "1,2";
				TEST_TARGET_NAME = GitHubRepoTask;
			};
			name = Release;
		};
/* End XCBuildConfiguration section */

/* Begin XCConfigurationList section */
		041CDAC8269273E7004E1BCD /* Build configuration list for PBXProject "GitHubRepoTask" */ = {
			isa = XCConfigurationList;
			buildConfigurations = (
				041CDAF5269273ED004E1BCD /* Debug */,
				041CDAF6269273ED004E1BCD /* Release */,
			);
			defaultConfigurationIsVisible = 0;
			defaultConfigurationName = Release;
		};
		041CDAF7269273ED004E1BCD /* Build configuration list for PBXNativeTarget "GitHubRepoTask" */ = {
			isa = XCConfigurationList;
			buildConfigurations = (
				041CDAF8269273ED004E1BCD /* Debug */,
				041CDAF9269273ED004E1BCD /* Release */,
			);
			defaultConfigurationIsVisible = 0;
			defaultConfigurationName = Release;
		};
		041CDAFA269273ED004E1BCD /* Build configuration list for PBXNativeTarget "GitHubRepoTaskTests" */ = {
			isa = XCConfigurationList;
			buildConfigurations = (
				041CDAFB269273ED004E1BCD /* Debug */,
				041CDAFC269273ED004E1BCD /* Release */,
			);
			defaultConfigurationIsVisible = 0;
			defaultConfigurationName = Release;
		};
		041CDAFD269273ED004E1BCD /* Build configuration list for PBXNativeTarget "GitHubRepoTaskUITests" */ = {
			isa = XCConfigurationList;
			buildConfigurations = (
				041CDAFE269273ED004E1BCD /* Debug */,
				041CDAFF269273ED004E1BCD /* Release */,
			);
			defaultConfigurationIsVisible = 0;
			defaultConfigurationName = Release;
		};
/* End XCConfigurationList section */
	};
	rootObject = 041CDAC5269273E7004E1BCD /* Project object */;
}
